
Microsoft Visual Studio Solution File, Format Version 12.00
# Visual Studio 15
VisualStudioVersion = 15.0.28307.489
MinimumVisualStudioVersion = 10.0.40219.1
Project("{FAE04EC0-301F-11D3-BF4B-00C04F79EFBC}") = "ServerTcpMultiThreadWPF", "SendViaTCPWPF\ServerTcpMultiThreadWPF.csproj", "{CD19C6C4-1EF5-4A15-9BB7-8E7DA4794606}"
EndProject
Global
	GlobalSection(SolutionConfigurationPlatforms) = preSolution
		Debug|Any CPU = Debug|Any CPU
		Release|Any CPU = Release|Any CPU
	EndGlobalSection
	GlobalSection(ProjectConfigurationPlatforms) = postSolution
		{CD19C6C4-1EF5-4A15-9BB7-8E7DA4794606}.Debug|Any CPU.ActiveCfg = Debug|Any CPU
		{CD19C6C4-1EF5-4A15-9BB7-8E7DA4794606}.Debug|Any CPU.Build.0 = Debug|Any CPU
		{CD19C6C4-1EF5-4A15-9BB7-8E7DA4794606}.Release|Any CPU.ActiveCfg = Release|Any CPU
		{CD19C6C4-1EF5-4A15-9BB7-8E7DA4794606}.Release|Any CPU.Build.0 = Release|Any CPU
	EndGlobalSection
	GlobalSection(SolutionProperties) = preSolution
		HideSolutionNode = FALSE
	EndGlobalSection
	GlobalSection(ExtensibilityGlobals) = postSolution
		SolutionGuid = {1C78B50C-87D1-43B0-A9A1-06B397C2E68A}
	EndGlobalSection
EndGlobal
